// !$*UTF8*$!
{
	archiveVersion = 1;
	classes = {
	};
	objectVersion = 46;
	objects = {

/* Begin PBXBuildFile section */
		1606A58D1F5AC527005A34E4 /* main.m in Sources */ = {isa = PBXBuildFile; fileRef = 1606A58C1F5AC527005A34E4 /* main.m */; };
		1606A5901F5AC527005A34E4 /* AppDelegate.m in Sources */ = {isa = PBXBuildFile; fileRef = 1606A58F1F5AC527005A34E4 /* AppDelegate.m */; };
		1606A5931F5AC527005A34E4 /* ViewController.m in Sources */ = {isa = PBXBuildFile; fileRef = 1606A5921F5AC527005A34E4 /* ViewController.m */; };
		1606A5961F5AC527005A34E4 /* Main.storyboard in Resources */ = {isa = PBXBuildFile; fileRef = 1606A5941F5AC527005A34E4 /* Main.storyboard */; };
		1606A5981F5AC527005A34E4 /* Assets.xcassets in Resources */ = {isa = PBXBuildFile; fileRef = 1606A5971F5AC527005A34E4 /* Assets.xcassets */; };
		1606A59B1F5AC527005A34E4 /* LaunchScreen.storyboard in Resources */ = {isa = PBXBuildFile; fileRef = 1606A5991F5AC527005A34E4 /* LaunchScreen.storyboard */; };
		16A0187F1F5B982300DAFD7C /* ActView.m in Sources */ = {isa = PBXBuildFile; fileRef = 16A0187D1F5B982300DAFD7C /* ActView.m */; };
		16A018801F5B982300DAFD7C /* ActView.xib in Resources */ = {isa = PBXBuildFile; fileRef = 16A0187E1F5B982300DAFD7C /* ActView.xib */; };
		16A018841F5B98BB00DAFD7C /* UIView+Inspectable.m in Sources */ = {isa = PBXBuildFile; fileRef = 16A018831F5B98BB00DAFD7C /* UIView+Inspectable.m */; };
		16A018881F5B994100DAFD7C /* ShowIntimeView.m in Sources */ = {isa = PBXBuildFile; fileRef = 16A018871F5B994100DAFD7C /* ShowIntimeView.m */; };
		16A0188A1F5B994900DAFD7C /* ShowIntimeView.xib in Resources */ = {isa = PBXBuildFile; fileRef = 16A018891F5B994900DAFD7C /* ShowIntimeView.xib */; };
/* End PBXBuildFile section */

/* Begin PBXFileReference section */
		1606A5881F5AC527005A34E4 /* JAUsingXibInStoryboardDemo.app */ = {isa = PBXFileReference; explicitFileType = wrapper.application; includeInIndex = 0; path = JAUsingXibInStoryboardDemo.app; sourceTree = BUILT_PRODUCTS_DIR; };
		1606A58C1F5AC527005A34E4 /* main.m */ = {isa = PBXFileReference; lastKnownFileType = sourcecode.c.objc; path = main.m; sourceTree = "<group>"; };
		1606A58E1F5AC527005A34E4 /* AppDelegate.h */ = {isa = PBXFileReference; lastKnownFileType = sourcecode.c.h; path = AppDelegate.h; sourceTree = "<group>"; };
		1606A58F1F5AC527005A34E4 /* AppDelegate.m */ = {isa = PBXFileReference; lastKnownFileType = sourcecode.c.objc; path = AppDelegate.m; sourceTree = "<group>"; };
		1606A5911F5AC527005A34E4 /* ViewController.h */ = {isa = PBXFileReference; lastKnownFileType = sourcecode.c.h; path = ViewController.h; sourceTree = "<group>"; };
		1606A5921F5AC527005A34E4 /* ViewController.m */ = {isa = PBXFileReference; lastKnownFileType = sourcecode.c.objc; path = ViewController.m; sourceTree = "<group>"; };
		1606A5951F5AC527005A34E4 /* Base */ = {isa = PBXFileReference; lastKnownFileType = file.storyboard; name = Base; path = Base.lproj/Main.storyboard; sourceTree = "<group>"; };
		1606A5971F5AC527005A34E4 /* Assets.xcassets */ = {isa = PBXFileReference; lastKnownFileType = folder.assetcatalog; path = Assets.xcassets; sourceTree = "<group>"; };
		1606A59A1F5AC527005A34E4 /* Base */ = {isa = PBXFileReference; lastKnownFileType = file.storyboard; name = Base; path = Base.lproj/LaunchScreen.storyboard; sourceTree = "<group>"; };
		1606A59C1F5AC527005A34E4 /* Info.plist */ = {isa = PBXFileReference; lastKnownFileType = text.plist.xml; path = Info.plist; sourceTree = "<group>"; };
		16A0187C1F5B982300DAFD7C /* ActView.h */ = {isa = PBXFileReference; fileEncoding = 4; lastKnownFileType = sourcecode.c.h; path = ActView.h; sourceTree = "<group>"; };
		16A0187D1F5B982300DAFD7C /* ActView.m */ = {isa = PBXFileReference; fileEncoding = 4; lastKnownFileType = sourcecode.c.objc; path = ActView.m; sourceTree = "<group>"; };
		16A0187E1F5B982300DAFD7C /* ActView.xib */ = {isa = PBXFileReference; fileEncoding = 4; lastKnownFileType = file.xib; path = ActView.xib; sourceTree = "<group>"; };
		16A018821F5B98BB00DAFD7C /* UIView+Inspectable.h */ = {isa = PBXFileReference; fileEncoding = 4; lastKnownFileType = sourcecode.c.h; path = "UIView+Inspectable.h"; sourceTree = "<group>"; };
		16A018831F5B98BB00DAFD7C /* UIView+Inspectable.m */ = {isa = PBXFileReference; fileEncoding = 4; lastKnownFileType = sourcecode.c.objc; path = "UIView+Inspectable.m"; sourceTree = "<group>"; };
		16A018861F5B994100DAFD7C /* ShowIntimeView.h */ = {isa = PBXFileReference; fileEncoding = 4; lastKnownFileType = sourcecode.c.h; path = ShowIntimeView.h; sourceTree = "<group>"; };
		16A018871F5B994100DAFD7C /* ShowIntimeView.m */ = {isa = PBXFileReference; fileEncoding = 4; lastKnownFileType = sourcecode.c.objc; path = ShowIntimeView.m; sourceTree = "<group>"; };
		16A018891F5B994900DAFD7C /* ShowIntimeView.xib */ = {isa = PBXFileReference; fileEncoding = 4; lastKnownFileType = file.xib; path = ShowIntimeView.xib; sourceTree = "<group>"; };
/* End PBXFileReference section */

/* Begin PBXFrameworksBuildPhase section */
		1606A5851F5AC526005A34E4 /* Frameworks */ = {
			isa = PBXFrameworksBuildPhase;
			buildActionMask = 2147483647;
			files = (
			);
			runOnlyForDeploymentPostprocessing = 0;
		};
/* End PBXFrameworksBuildPhase section */

/* Begin PBXGroup section */
		1606A57F1F5AC526005A34E4 = {
			isa = PBXGroup;
			children = (
				1606A58A1F5AC527005A34E4 /* JAUsingXibInStoryboardDemo */,
				1606A5891F5AC527005A34E4 /* Products */,
			);
			sourceTree = "<group>";
		};
		1606A5891F5AC527005A34E4 /* Products */ = {
			isa = PBXGroup;
			children = (
				1606A5881F5AC527005A34E4 /* JAUsingXibInStoryboardDemo.app */,
			);
			name = Products;
			sourceTree = "<group>";
		};
		1606A58A1F5AC527005A34E4 /* JAUsingXibInStoryboardDemo */ = {
			isa = PBXGroup;
			children = (
				16A0187B1F5B982300DAFD7C /* ShowXibOnStoryboard */,
				16A0187A1F5B981A00DAFD7C /* UsingCategoryMakeXibRenderInTime */,
				1606A58E1F5AC527005A34E4 /* AppDelegate.h */,
				1606A58F1F5AC527005A34E4 /* AppDelegate.m */,
				1606A5911F5AC527005A34E4 /* ViewController.h */,
				1606A5921F5AC527005A34E4 /* ViewController.m */,
				1606A5941F5AC527005A34E4 /* Main.storyboard */,
				1606A5971F5AC527005A34E4 /* Assets.xcassets */,
				1606A5991F5AC527005A34E4 /* LaunchScreen.storyboard */,
				1606A59C1F5AC527005A34E4 /* Info.plist */,
				1606A58B1F5AC527005A34E4 /* Supporting Files */,
			);
			path = JAUsingXibInStoryboardDemo;
			sourceTree = "<group>";
		};
		1606A58B1F5AC527005A34E4 /* Supporting Files */ = {
			isa = PBXGroup;
			children = (
				1606A58C1F5AC527005A34E4 /* main.m */,
			);
			name = "Supporting Files";
			sourceTree = "<group>";
		};
		16A0187A1F5B981A00DAFD7C /* UsingCategoryMakeXibRenderInTime */ = {
			isa = PBXGroup;
			children = (
				16A018851F5B990C00DAFD7C /* View */,
				16A018811F5B984400DAFD7C /* Category */,
			);
			path = UsingCategoryMakeXibRenderInTime;
			sourceTree = "<group>";
		};
		16A0187B1F5B982300DAFD7C /* ShowXibOnStoryboard */ = {
			isa = PBXGroup;
			children = (
				16A0187C1F5B982300DAFD7C /* ActView.h */,
				16A0187D1F5B982300DAFD7C /* ActView.m */,
				16A0187E1F5B982300DAFD7C /* ActView.xib */,
			);
			path = ShowXibOnStoryboard;
			sourceTree = "<group>";
		};
		16A018811F5B984400DAFD7C /* Category */ = {
			isa = PBXGroup;
			children = (
				16A018821F5B98BB00DAFD7C /* UIView+Inspectable.h */,
				16A018831F5B98BB00DAFD7C /* UIView+Inspectable.m */,
			);
			path = Category;
			sourceTree = "<group>";
		};
		16A018851F5B990C00DAFD7C /* View */ = {
			isa = PBXGroup;
			children = (
				16A018861F5B994100DAFD7C /* ShowIntimeView.h */,
				16A018871F5B994100DAFD7C /* ShowIntimeView.m */,
				16A018891F5B994900DAFD7C /* ShowIntimeView.xib */,
			);
			path = View;
			sourceTree = "<group>";
		};
/* End PBXGroup section */

/* Begin PBXNativeTarget section */
		1606A5871F5AC526005A34E4 /* JAUsingXibInStoryboardDemo */ = {
			isa = PBXNativeTarget;
			buildConfigurationList = 1606A59F1F5AC527005A34E4 /* Build configuration list for PBXNativeTarget "JAUsingXibInStoryboardDemo" */;
			buildPhases = (
				1606A5841F5AC526005A34E4 /* Sources */,
				1606A5851F5AC526005A34E4 /* Frameworks */,
				1606A5861F5AC526005A34E4 /* Resources */,
			);
			buildRules = (
			);
			dependencies = (
			);
			name = JAUsingXibInStoryboardDemo;
			productName = JAUsingXibInStoryboardDemo;
			productReference = 1606A5881F5AC527005A34E4 /* JAUsingXibInStoryboardDemo.app */;
			productType = "com.apple.product-type.application";
		};
/* End PBXNativeTarget section */

/* Begin PBXProject section */
		1606A5801F5AC526005A34E4 /* Project object */ = {
			isa = PBXProject;
			attributes = {
				LastUpgradeCheck = 0830;
				ORGANIZATIONNAME = Jacob;
				TargetAttributes = {
					1606A5871F5AC526005A34E4 = {
						CreatedOnToolsVersion = 8.3;
						ProvisioningStyle = Automatic;
					};
				};
			};
			buildConfigurationList = 1606A5831F5AC526005A34E4 /* Build configuration list for PBXProject "JAUsingXibInStoryboardDemo" */;
			compatibilityVersion = "Xcode 3.2";
			developmentRegion = English;
			hasScannedForEncodings = 0;
			knownRegions = (
				en,
				Base,
			);
			mainGroup = 1606A57F1F5AC526005A34E4;
			productRefGroup = 1606A5891F5AC527005A34E4 /* Products */;
			projectDirPath = "";
			projectRoot = "";
			targets = (
				1606A5871F5AC526005A34E4 /* JAUsingXibInStoryboardDemo */,
			);
		};
/* End PBXProject section */

/* Begin PBXResourcesBuildPhase section */
		1606A5861F5AC526005A34E4 /* Resources */ = {
			isa = PBXResourcesBuildPhase;
			buildActionMask = 2147483647;
			files = (
				16A0188A1F5B994900DAFD7C /* ShowIntimeView.xib in Resources */,
				1606A59B1F5AC527005A34E4 /* LaunchScreen.storyboard in Resources */,
				1606A5981F5AC527005A34E4 /* Assets.xcassets in Resources */,
				1606A5961F5AC527005A34E4 /* Main.storyboard in Resources */,
				16A018801F5B982300DAFD7C /* ActView.xib in Resources */,
			);
			runOnlyForDeploymentPostprocessing = 0;
		};
/* End PBXResourcesBuildPhase section */

/* Begin PBXSourcesBuildPhase section */
		1606A5841F5AC526005A34E4 /* Sources */ = {
			isa = PBXSourcesBuildPhase;
			buildActionMask = 2147483647;
			files = (
				1606A5931F5AC527005A34E4 /* ViewController.m in Sources */,
				1606A5901F5AC527005A34E4 /* AppDelegate.m in Sources */,
				1606A58D1F5AC527005A34E4 /* main.m in Sources */,
				16A018881F5B994100DAFD7C /* ShowIntimeView.m in Sources */,
				16A018841F5B98BB00DAFD7C /* UIView+Inspectable.m in Sources */,
				16A0187F1F5B982300DAFD7C /* ActView.m in Sources */,
			);
			runOnlyForDeploymentPostprocessing = 0;
		};
/* End PBXSourcesBuildPhase section */

/* Begin PBXVariantGroup section */
		1606A5941F5AC527005A34E4 /* Main.storyboard */ = {
			isa = PBXVariantGroup;
			children = (
				1606A5951F5AC527005A34E4 /* Base */,
			);
			name = Main.storyboard;
			sourceTree = "<group>";
		};
		1606A5991F5AC527005A34E4 /* LaunchScreen.storyboard */ = {
			isa = PBXVariantGroup;
			children = (
				1606A59A1F5AC527005A34E4 /* Base */,
			);
			name = LaunchScreen.storyboard;
			sourceTree = "<group>";
		};
/* End PBXVariantGroup section */

/* Begin XCBuildConfiguration section */
		1606A59D1F5AC527005A34E4 /* Debug */ = {
			isa = XCBuildConfiguration;
			buildSettings = {
				ALWAYS_SEARCH_USER_PATHS = NO;
				CLANG_ANALYZER_NONNULL = YES;
				CLANG_ANALYZER_NUMBER_OBJECT_CONVERSION = YES_AGGRESSIVE;
				CLANG_CXX_LANGUAGE_STANDARD = "gnu++0x";
				CLANG_CXX_LIBRARY = "libc++";
				CLANG_ENABLE_MODULES = YES;
				CLANG_ENABLE_OBJC_ARC = YES;
				CLANG_WARN_BOOL_CONVERSION = YES;
				CLANG_WARN_CONSTANT_CONVERSION = YES;
				CLANG_WARN_DIRECT_OBJC_ISA_USAGE = YES_ERROR;
				CLANG_WARN_DOCUMENTATION_COMMENTS = YES;
				CLANG_WARN_EMPTY_BODY = YES;
				CLANG_WARN_ENUM_CONVERSION = YES;
				CLANG_WARN_INFINITE_RECURSION = YES;
				CLANG_WARN_INT_CONVERSION = YES;
				CLANG_WARN_OBJC_ROOT_CLASS = YES_ERROR;
				CLANG_WARN_SUSPICIOUS_MOVE = YES;
				CLANG_WARN_UNREACHABLE_CODE = YES;
				CLANG_WARN__DUPLICATE_METHOD_MATCH = YES;
				"CODE_SIGN_IDENTITY[sdk=iphoneos*]" = "iPhone Developer";
				COPY_PHASE_STRIP = NO;
				DEBUG_INFORMATION_FORMAT = dwarf;
				ENABLE_STRICT_OBJC_MSGSEND = YES;
				ENABLE_TESTABILITY = YES;
				GCC_C_LANGUAGE_STANDARD = gnu99;
				GCC_DYNAMIC_NO_PIC = NO;
				GCC_NO_COMMON_BLOCKS = YES;
				GCC_OPTIMIZATION_LEVEL = 0;
				GCC_PREPROCESSOR_DEFINITIONS = (
					"DEBUG=1",
					"$(inherited)",
				);
				GCC_WARN_64_TO_32_BIT_CONVERSION = YES;
				GCC_WARN_ABOUT_RETURN_TYPE = YES_ERROR;
				GCC_WARN_UNDECLARED_SELECTOR = YES;
				GCC_WARN_UNINITIALIZED_AUTOS = YES_AGGRESSIVE;
				GCC_WARN_UNUSED_FUNCTION = YES;
				GCC_WARN_UNUSED_VARIABLE = YES;
				IPHONEOS_DEPLOYMENT_TARGET = 10.3;
				MTL_ENABLE_DEBUG_INFO = YES;
				ONLY_ACTIVE_ARCH = YES;
				SDKROOT = iphoneos;
			};
			name = Debug;
		};
		1606A59E1F5AC527005A34E4 /* Release */ = {
			isa = XCBuildConfiguration;
			buildSettings = {
				ALWAYS_SEARCH_USER_PATHS = NO;
				CLANG_ANALYZER_NONNULL = YES;
				CLANG_ANALYZER_NUMBER_OBJECT_CONVERSION = YES_AGGRESSIVE;
				CLANG_CXX_LANGUAGE_STANDARD = "gnu++0x";
				CLANG_CXX_LIBRARY = "libc++";
				CLANG_ENABLE_MODULES = YES;
				CLANG_ENABLE_OBJC_ARC = YES;
				CLANG_WARN_BOOL_CONVERSION = YES;
				CLANG_WARN_CONSTANT_CONVERSION = YES;
				CLANG_WARN_DIRECT_OBJC_ISA_USAGE = YES_ERROR;
				CLANG_WARN_DOCUMENTATION_COMMENTS = YES;
				CLANG_WARN_EMPTY_BODY = YES;
				CLANG_WARN_ENUM_CONVERSION = YES;
				CLANG_WARN_INFINITE_RECURSION = YES;
				CLANG_WARN_INT_CONVERSION = YES;
				CLANG_WARN_OBJC_ROOT_CLASS = YES_ERROR;
				CLANG_WARN_SUSPICIOUS_MOVE = YES;
				CLANG_WARN_UNREACHABLE_CODE = YES;
				CLANG_WARN__DUPLICATE_METHOD_MATCH = YES;
				"CODE_SIGN_IDENTITY[sdk=iphoneos*]" = "iPhone Developer";
				COPY_PHASE_STRIP = NO;
				DEBUG_INFORMATION_FORMAT = "dwarf-with-dsym";
				ENABLE_NS_ASSERTIONS = NO;
				ENABLE_STRICT_OBJC_MSGSEND = YES;
				GCC_C_LANGUAGE_STANDARD = gnu99;
				GCC_NO_COMMON_BLOCKS = YES;
				GCC_WARN_64_TO_32_BIT_CONVERSION = YES;
				GCC_WARN_ABOUT_RETURN_TYPE = YES_ERROR;
				GCC_WARN_UNDECLARED_SELECTOR = YES;
				GCC_WARN_UNINITIALIZED_AUTOS = YES_AGGRESSIVE;
				GCC_WARN_UNUSED_FUNCTION = YES;
				GCC_WARN_UNUSED_VARIABLE = YES;
				IPHONEOS_DEPLOYMENT_TARGET = 10.3;
				MTL_ENABLE_DEBUG_INFO = NO;
				SDKROOT = iphoneos;
				VALIDATE_PRODUCT = YES;
			};
			name = Release;
		};
		1606A5A01F5AC527005A34E4 /* Debug */ = {
			isa = XCBuildConfiguration;
			buildSettings = {
				ASSETCATALOG_COMPILER_APPICON_NAME = AppIcon;
				INFOPLIST_FILE = JAUsingXibInStoryboardDemo/Info.plist;
				LD_RUNPATH_SEARCH_PATHS = "$(inherited) @executable_path/Frameworks";
				PRODUCT_BUNDLE_IDENTIFIER = com.JacobSoftware.JAUsingXibInStoryboardDemo;
				PRODUCT_NAME = "$(TARGET_NAME)";
			};
			name = Debug;
		};
		1606A5A11F5AC527005A34E4 /* Release */ = {
			isa = XCBuildConfiguration;
			buildSettings = {
				ASSETCATALOG_COMPILER_APPICON_NAME = AppIcon;
				INFOPLIST_FILE = JAUsingXibInStoryboardDemo/Info.plist;
				LD_RUNPATH_SEARCH_PATHS = "$(inherited) @executable_path/Frameworks";
				PRODUCT_BUNDLE_IDENTIFIER = com.JacobSoftware.JAUsingXibInStoryboardDemo;
				PRODUCT_NAME = "$(TARGET_NAME)";
			};
			name = Release;
		};
/* End XCBuildConfiguration section */

/* Begin XCConfigurationList section */
		1606A5831F5AC526005A34E4 /* Build configuration list for PBXProject "JAUsingXibInStoryboardDemo" */ = {
			isa = XCConfigurationList;
			buildConfigurations = (
				1606A59D1F5AC527005A34E4 /* Debug */,
				1606A59E1F5AC527005A34E4 /* Release */,
			);
			defaultConfigurationIsVisible = 0;
			defaultConfigurationName = Release;
		};
		1606A59F1F5AC527005A34E4 /* Build configuration list for PBXNativeTarget "JAUsingXibInStoryboardDemo" */ = {
			isa = XCConfigurationList;
			buildConfigurations = (
				1606A5A01F5AC527005A34E4 /* Debug */,
				1606A5A11F5AC527005A34E4 /* Release */,
			);
			defaultConfigurationIsVisible = 0;
			defaultConfigurationName = Release;
		};
/* End XCConfigurationList section */
	};
	rootObject = 1606A5801F5AC526005A34E4 /* Project object */;
}
